// !$*UTF8*$!
{
	archiveVersion = 1;
	classes = {
	};
	objectVersion = 46;
	objects = {

/* Begin PBXBuildFile section */
		1E17A3A11ACF637700785DB2 /* Localizable.strings in Resources */ = {isa = PBXBuildFile; fileRef = 1E17A3A01ACF637700785DB2 /* Localizable.strings */; };
		1ED9A0F41B1F97CE000A41B9 /* AppDelegate.swift in Sources */ = {isa = PBXBuildFile; fileRef = 1ED9A0F31B1F97CE000A41B9 /* AppDelegate.swift */; };
		1ED9A11D1B1F9810000A41B9 /* AssetCatalog.swift in Sources */ = {isa = PBXBuildFile; fileRef = 1ED9A0F51B1F9810000A41B9 /* AssetCatalog.swift */; };
		1ED9A11E1B1F9810000A41B9 /* AssetGenerationController.swift in Sources */ = {isa = PBXBuildFile; fileRef = 1ED9A0F61B1F9810000A41B9 /* AssetGenerationController.swift */; };
		1ED9A11F1B1F9810000A41B9 /* AssetGenerator.swift in Sources */ = {isa = PBXBuildFile; fileRef = 1ED9A0F71B1F9810000A41B9 /* AssetGenerator.swift */; };
		1ED9A1201B1F9810000A41B9 /* AssetGeneratorInputValidator.swift in Sources */ = {isa = PBXBuildFile; fileRef = 1ED9A0F81B1F9810000A41B9 /* AssetGeneratorInputValidator.swift */; };
		1ED9A1211B1F9810000A41B9 /* AssetGeneratorWindowController.swift in Sources */ = {isa = PBXBuildFile; fileRef = 1ED9A0F91B1F9810000A41B9 /* AssetGeneratorWindowController.swift */; };
		1ED9A1221B1F9810000A41B9 /* AssetType.swift in Sources */ = {isa = PBXBuildFile; fileRef = 1ED9A0FA1B1F9810000A41B9 /* AssetType.swift */; };
		1ED9A1231B1F9810000A41B9 /* AssetWindowViewModel.swift in Sources */ = {isa = PBXBuildFile; fileRef = 1ED9A0FB1B1F9810000A41B9 /* AssetWindowViewModel.swift */; };
		1ED9A1241B1F9810000A41B9 /* BookmarkResolver.swift in Sources */ = {isa = PBXBuildFile; fileRef = 1ED9A0FC1B1F9810000A41B9 /* BookmarkResolver.swift */; };
		1ED9A1261B1F9810000A41B9 /* DropView.swift in Sources */ = {isa = PBXBuildFile; fileRef = 1ED9A0FE1B1F9810000A41B9 /* DropView.swift */; };
		1ED9A1271B1F9810000A41B9 /* ErrorType.swift in Sources */ = {isa = PBXBuildFile; fileRef = 1ED9A0FF1B1F9810000A41B9 /* ErrorType.swift */; };
		1ED9A1291B1F9810000A41B9 /* FileSystemHelper.swift in Sources */ = {isa = PBXBuildFile; fileRef = 1ED9A1011B1F9810000A41B9 /* FileSystemHelper.swift */; };
		1ED9A12B1B1F9810000A41B9 /* FileSystemObserver.swift in Sources */ = {isa = PBXBuildFile; fileRef = 1ED9A1041B1F9810000A41B9 /* FileSystemObserver.swift */; };
		1ED9A12C1B1F9810000A41B9 /* ImagesDropViewController.swift in Sources */ = {isa = PBXBuildFile; fileRef = 1ED9A1051B1F9810000A41B9 /* ImagesDropViewController.swift */; };
		1ED9A12D1B1F9810000A41B9 /* ImagesGroupViewModel.swift in Sources */ = {isa = PBXBuildFile; fileRef = 1ED9A1061B1F9810000A41B9 /* ImagesGroupViewModel.swift */; };
		1ED9A12E1B1F9810000A41B9 /* JSON.swift in Sources */ = {isa = PBXBuildFile; fileRef = 1ED9A1071B1F9810000A41B9 /* JSON.swift */; };
		1ED9A12F1B1F9810000A41B9 /* Keyword Constants.swift in Sources */ = {isa = PBXBuildFile; fileRef = 1ED9A1081B1F9810000A41B9 /* Keyword Constants.swift */; };
		1ED9A1301B1F9810000A41B9 /* NSImage+Extensions.swift in Sources */ = {isa = PBXBuildFile; fileRef = 1ED9A1091B1F9810000A41B9 /* NSImage+Extensions.swift */; };
		1ED9A1311B1F9810000A41B9 /* NSLayoutConstraint+Extensions.swift in Sources */ = {isa = PBXBuildFile; fileRef = 1ED9A10A1B1F9810000A41B9 /* NSLayoutConstraint+Extensions.swift */; };
		1ED9A1321B1F9810000A41B9 /* Optionals+Operators.swift in Sources */ = {isa = PBXBuildFile; fileRef = 1ED9A10B1B1F9810000A41B9 /* Optionals+Operators.swift */; };
		1ED9A1331B1F9810000A41B9 /* PathQuery.swift in Sources */ = {isa = PBXBuildFile; fileRef = 1ED9A10C1B1F9810000A41B9 /* PathQuery.swift */; };
		1ED9A1341B1F9810000A41B9 /* ProgressController.swift in Sources */ = {isa = PBXBuildFile; fileRef = 1ED9A10D1B1F9810000A41B9 /* ProgressController.swift */; };
		1ED9A1351B1F9810000A41B9 /* ProgressIndicationViewModel.swift in Sources */ = {isa = PBXBuildFile; fileRef = 1ED9A10E1B1F9810000A41B9 /* ProgressIndicationViewModel.swift */; };
		1ED9A1371B1F9810000A41B9 /* ProjectDropViewController.swift in Sources */ = {isa = PBXBuildFile; fileRef = 1ED9A1101B1F9810000A41B9 /* ProjectDropViewController.swift */; };
		1ED9A1381B1F9810000A41B9 /* ProjectSelector.swift in Sources */ = {isa = PBXBuildFile; fileRef = 1ED9A1111B1F9810000A41B9 /* ProjectSelector.swift */; };
		1ED9A13B1B1F9810000A41B9 /* RoundedDropView.swift in Sources */ = {isa = PBXBuildFile; fileRef = 1ED9A1141B1F9810000A41B9 /* RoundedDropView.swift */; };
		1ED9A13C1B1F9810000A41B9 /* SelectedProjectViewModel.swift in Sources */ = {isa = PBXBuildFile; fileRef = 1ED9A1151B1F9810000A41B9 /* SelectedProjectViewModel.swift */; };
		1ED9A13D1B1F9810000A41B9 /* Serializable.swift in Sources */ = {isa = PBXBuildFile; fileRef = 1ED9A1161B1F9810000A41B9 /* Serializable.swift */; };
		1ED9A13E1B1F9810000A41B9 /* StatusViewModel.swift in Sources */ = {isa = PBXBuildFile; fileRef = 1ED9A1171B1F9810000A41B9 /* StatusViewModel.swift */; };
		1ED9A13F1B1F9810000A41B9 /* StringExtension.swift in Sources */ = {isa = PBXBuildFile; fileRef = 1ED9A1181B1F9810000A41B9 /* StringExtension.swift */; };
		1ED9A1411B1F9810000A41B9 /* Validator.swift in Sources */ = {isa = PBXBuildFile; fileRef = 1ED9A11A1B1F9810000A41B9 /* Validator.swift */; };
		1ED9A1421B1F9810000A41B9 /* XcodeFileValidatorProtocol.swift in Sources */ = {isa = PBXBuildFile; fileRef = 1ED9A11B1B1F9810000A41B9 /* XcodeFileValidatorProtocol.swift */; };
		1ED9A1431B1F9810000A41B9 /* XCProject.swift in Sources */ = {isa = PBXBuildFile; fileRef = 1ED9A11C1B1F9810000A41B9 /* XCProject.swift */; };
		1ED9A1481B1F983B000A41B9 /* Main.storyboard in Resources */ = {isa = PBXBuildFile; fileRef = 1ED9A1461B1F983B000A41B9 /* Main.storyboard */; };
		1ED9A14C1B1F9B40000A41B9 /* Box.framework in Frameworks */ = {isa = PBXBuildFile; fileRef = 1ED9A1491B1F9B40000A41B9 /* Box.framework */; };
		1ED9A14D1B1F9B40000A41B9 /* ReactiveCocoa.framework in Frameworks */ = {isa = PBXBuildFile; fileRef = 1ED9A14A1B1F9B40000A41B9 /* ReactiveCocoa.framework */; };
		1ED9A14E1B1F9B40000A41B9 /* Result.framework in Frameworks */ = {isa = PBXBuildFile; fileRef = 1ED9A14B1B1F9B40000A41B9 /* Result.framework */; };
		DD09CBE81989A46C002DD2FB /* main.swift in Sources */ = {isa = PBXBuildFile; fileRef = DD09CBE71989A46C002DD2FB /* main.swift */; };
		DD09CBEE1989A46C002DD2FB /* Images.xcassets in Resources */ = {isa = PBXBuildFile; fileRef = DD09CBED1989A46C002DD2FB /* Images.xcassets */; };
		DD09CBFD1989A46C002DD2FB /* XCAssetGeneratorTests.swift in Sources */ = {isa = PBXBuildFile; fileRef = DD09CBFC1989A46C002DD2FB /* XCAssetGeneratorTests.swift */; };
/* End PBXBuildFile section */

/* Begin PBXContainerItemProxy section */
		DD09CBF71989A46C002DD2FB /* PBXContainerItemProxy */ = {
			isa = PBXContainerItemProxy;
			containerPortal = DD09CBDA1989A46C002DD2FB /* Project object */;
			proxyType = 1;
			remoteGlobalIDString = DD09CBE11989A46C002DD2FB;
			remoteInfo = XCAssetGenerator;
		};
/* End PBXContainerItemProxy section */

/* Begin PBXCopyFilesBuildPhase section */
		1EDAD8951AF0D669002E2394 /* Embed Frameworks */ = {
			isa = PBXCopyFilesBuildPhase;
			buildActionMask = 2147483647;
			dstPath = "";
			dstSubfolderSpec = 10;
			files = (
			);
			name = "Embed Frameworks";
			runOnlyForDeploymentPostprocessing = 0;
		};
/* End PBXCopyFilesBuildPhase section */

/* Begin PBXFileReference section */
		1E17A3A01ACF637700785DB2 /* Localizable.strings */ = {isa = PBXFileReference; fileEncoding = 4; lastKnownFileType = text.plist.strings; path = Localizable.strings; sourceTree = "<group>"; };
		1ED9A0F31B1F97CE000A41B9 /* AppDelegate.swift */ = {isa = PBXFileReference; fileEncoding = 4; lastKnownFileType = sourcecode.swift; path = AppDelegate.swift; sourceTree = "<group>"; };
		1ED9A0F51B1F9810000A41B9 /* AssetCatalog.swift */ = {isa = PBXFileReference; fileEncoding = 4; lastKnownFileType = sourcecode.swift; path = AssetCatalog.swift; sourceTree = "<group>"; };
		1ED9A0F61B1F9810000A41B9 /* AssetGenerationController.swift */ = {isa = PBXFileReference; fileEncoding = 4; lastKnownFileType = sourcecode.swift; path = AssetGenerationController.swift; sourceTree = "<group>"; };
		1ED9A0F71B1F9810000A41B9 /* AssetGenerator.swift */ = {isa = PBXFileReference; fileEncoding = 4; lastKnownFileType = sourcecode.swift; path = AssetGenerator.swift; sourceTree = "<group>"; };
		1ED9A0F81B1F9810000A41B9 /* AssetGeneratorInputValidator.swift */ = {isa = PBXFileReference; fileEncoding = 4; lastKnownFileType = sourcecode.swift; path = AssetGeneratorInputValidator.swift; sourceTree = "<group>"; };
		1ED9A0F91B1F9810000A41B9 /* AssetGeneratorWindowController.swift */ = {isa = PBXFileReference; fileEncoding = 4; lastKnownFileType = sourcecode.swift; path = AssetGeneratorWindowController.swift; sourceTree = "<group>"; };
		1ED9A0FA1B1F9810000A41B9 /* AssetType.swift */ = {isa = PBXFileReference; fileEncoding = 4; lastKnownFileType = sourcecode.swift; path = AssetType.swift; sourceTree = "<group>"; };
		1ED9A0FB1B1F9810000A41B9 /* AssetWindowViewModel.swift */ = {isa = PBXFileReference; fileEncoding = 4; lastKnownFileType = sourcecode.swift; path = AssetWindowViewModel.swift; sourceTree = "<group>"; };
		1ED9A0FC1B1F9810000A41B9 /* BookmarkResolver.swift */ = {isa = PBXFileReference; fileEncoding = 4; lastKnownFileType = sourcecode.swift; path = BookmarkResolver.swift; sourceTree = "<group>"; };
		1ED9A0FE1B1F9810000A41B9 /* DropView.swift */ = {isa = PBXFileReference; fileEncoding = 4; lastKnownFileType = sourcecode.swift; path = DropView.swift; sourceTree = "<group>"; };
		1ED9A0FF1B1F9810000A41B9 /* ErrorType.swift */ = {isa = PBXFileReference; fileEncoding = 4; lastKnownFileType = sourcecode.swift; path = ErrorType.swift; sourceTree = "<group>"; };
		1ED9A1011B1F9810000A41B9 /* FileSystemHelper.swift */ = {isa = PBXFileReference; fileEncoding = 4; lastKnownFileType = sourcecode.swift; path = FileSystemHelper.swift; sourceTree = "<group>"; };
		1ED9A1041B1F9810000A41B9 /* FileSystemObserver.swift */ = {isa = PBXFileReference; fileEncoding = 4; lastKnownFileType = sourcecode.swift; path = FileSystemObserver.swift; sourceTree = "<group>"; };
		1ED9A1051B1F9810000A41B9 /* ImagesDropViewController.swift */ = {isa = PBXFileReference; fileEncoding = 4; lastKnownFileType = sourcecode.swift; path = ImagesDropViewController.swift; sourceTree = "<group>"; };
		1ED9A1061B1F9810000A41B9 /* ImagesGroupViewModel.swift */ = {isa = PBXFileReference; fileEncoding = 4; lastKnownFileType = sourcecode.swift; path = ImagesGroupViewModel.swift; sourceTree = "<group>"; };
		1ED9A1071B1F9810000A41B9 /* JSON.swift */ = {isa = PBXFileReference; fileEncoding = 4; lastKnownFileType = sourcecode.swift; path = JSON.swift; sourceTree = "<group>"; };
		1ED9A1081B1F9810000A41B9 /* Keyword Constants.swift */ = {isa = PBXFileReference; fileEncoding = 4; lastKnownFileType = sourcecode.swift; path = "Keyword Constants.swift"; sourceTree = "<group>"; };
		1ED9A1091B1F9810000A41B9 /* NSImage+Extensions.swift */ = {isa = PBXFileReference; fileEncoding = 4; lastKnownFileType = sourcecode.swift; path = "NSImage+Extensions.swift"; sourceTree = "<group>"; };
		1ED9A10A1B1F9810000A41B9 /* NSLayoutConstraint+Extensions.swift */ = {isa = PBXFileReference; fileEncoding = 4; lastKnownFileType = sourcecode.swift; path = "NSLayoutConstraint+Extensions.swift"; sourceTree = "<group>"; };
		1ED9A10B1B1F9810000A41B9 /* Optionals+Operators.swift */ = {isa = PBXFileReference; fileEncoding = 4; lastKnownFileType = sourcecode.swift; path = "Optionals+Operators.swift"; sourceTree = "<group>"; };
		1ED9A10C1B1F9810000A41B9 /* PathQuery.swift */ = {isa = PBXFileReference; fileEncoding = 4; lastKnownFileType = sourcecode.swift; path = PathQuery.swift; sourceTree = "<group>"; };
		1ED9A10D1B1F9810000A41B9 /* ProgressController.swift */ = {isa = PBXFileReference; fileEncoding = 4; lastKnownFileType = sourcecode.swift; path = ProgressController.swift; sourceTree = "<group>"; };
		1ED9A10E1B1F9810000A41B9 /* ProgressIndicationViewModel.swift */ = {isa = PBXFileReference; fileEncoding = 4; lastKnownFileType = sourcecode.swift; path = ProgressIndicationViewModel.swift; sourceTree = "<group>"; };
		1ED9A1101B1F9810000A41B9 /* ProjectDropViewController.swift */ = {isa = PBXFileReference; fileEncoding = 4; lastKnownFileType = sourcecode.swift; path = ProjectDropViewController.swift; sourceTree = "<group>"; };
		1ED9A1111B1F9810000A41B9 /* ProjectSelector.swift */ = {isa = PBXFileReference; fileEncoding = 4; lastKnownFileType = sourcecode.swift; path = ProjectSelector.swift; sourceTree = "<group>"; };
		1ED9A1141B1F9810000A41B9 /* RoundedDropView.swift */ = {isa = PBXFileReference; fileEncoding = 4; lastKnownFileType = sourcecode.swift; path = RoundedDropView.swift; sourceTree = "<group>"; };
		1ED9A1151B1F9810000A41B9 /* SelectedProjectViewModel.swift */ = {isa = PBXFileReference; fileEncoding = 4; lastKnownFileType = sourcecode.swift; path = SelectedProjectViewModel.swift; sourceTree = "<group>"; };
		1ED9A1161B1F9810000A41B9 /* Serializable.swift */ = {isa = PBXFileReference; fileEncoding = 4; lastKnownFileType = sourcecode.swift; path = Serializable.swift; sourceTree = "<group>"; };
		1ED9A1171B1F9810000A41B9 /* StatusViewModel.swift */ = {isa = PBXFileReference; fileEncoding = 4; lastKnownFileType = sourcecode.swift; path = StatusViewModel.swift; sourceTree = "<group>"; };
		1ED9A1181B1F9810000A41B9 /* StringExtension.swift */ = {isa = PBXFileReference; fileEncoding = 4; lastKnownFileType = sourcecode.swift; path = StringExtension.swift; sourceTree = "<group>"; };
		1ED9A11A1B1F9810000A41B9 /* Validator.swift */ = {isa = PBXFileReference; fileEncoding = 4; lastKnownFileType = sourcecode.swift; path = Validator.swift; sourceTree = "<group>"; };
		1ED9A11B1B1F9810000A41B9 /* XcodeFileValidatorProtocol.swift */ = {isa = PBXFileReference; fileEncoding = 4; lastKnownFileType = sourcecode.swift; path = XcodeFileValidatorProtocol.swift; sourceTree = "<group>"; };
		1ED9A11C1B1F9810000A41B9 /* XCProject.swift */ = {isa = PBXFileReference; fileEncoding = 4; lastKnownFileType = sourcecode.swift; path = XCProject.swift; sourceTree = "<group>"; };
		1ED9A1471B1F983B000A41B9 /* Base */ = {isa = PBXFileReference; lastKnownFileType = file.storyboard; name = Base; path = Base.lproj/Main.storyboard; sourceTree = "<group>"; };
		1ED9A1491B1F9B40000A41B9 /* Box.framework */ = {isa = PBXFileReference; lastKnownFileType = wrapper.framework; name = Box.framework; path = Carthage/Build/Mac/Box.framework; sourceTree = "<group>"; };
		1ED9A14A1B1F9B40000A41B9 /* ReactiveCocoa.framework */ = {isa = PBXFileReference; lastKnownFileType = wrapper.framework; name = ReactiveCocoa.framework; path = Carthage/Build/Mac/ReactiveCocoa.framework; sourceTree = "<group>"; };
		1ED9A14B1B1F9B40000A41B9 /* Result.framework */ = {isa = PBXFileReference; lastKnownFileType = wrapper.framework; name = Result.framework; path = Carthage/Build/Mac/Result.framework; sourceTree = "<group>"; };
		DD09CBE21989A46C002DD2FB /* XCAssetGenerator.app */ = {isa = PBXFileReference; explicitFileType = wrapper.application; includeInIndex = 0; path = XCAssetGenerator.app; sourceTree = BUILT_PRODUCTS_DIR; };
		DD09CBE61989A46C002DD2FB /* Info.plist */ = {isa = PBXFileReference; lastKnownFileType = text.plist.xml; path = Info.plist; sourceTree = "<group>"; };
		DD09CBE71989A46C002DD2FB /* main.swift */ = {isa = PBXFileReference; lastKnownFileType = sourcecode.swift; path = main.swift; sourceTree = "<group>"; };
		DD09CBED1989A46C002DD2FB /* Images.xcassets */ = {isa = PBXFileReference; lastKnownFileType = folder.assetcatalog; path = Images.xcassets; sourceTree = "<group>"; };
		DD09CBF61989A46C002DD2FB /* XCAssetGeneratorTests.xctest */ = {isa = PBXFileReference; explicitFileType = wrapper.cfbundle; includeInIndex = 0; path = XCAssetGeneratorTests.xctest; sourceTree = BUILT_PRODUCTS_DIR; };
		DD09CBFB1989A46C002DD2FB /* Info.plist */ = {isa = PBXFileReference; lastKnownFileType = text.plist.xml; path = Info.plist; sourceTree = "<group>"; };
		DD09CBFC1989A46C002DD2FB /* XCAssetGeneratorTests.swift */ = {isa = PBXFileReference; lastKnownFileType = sourcecode.swift; path = XCAssetGeneratorTests.swift; sourceTree = "<group>"; };
/* End PBXFileReference section */

/* Begin PBXFrameworksBuildPhase section */
		DD09CBDF1989A46C002DD2FB /* Frameworks */ = {
			isa = PBXFrameworksBuildPhase;
			buildActionMask = 2147483647;
			files = (
				1ED9A14E1B1F9B40000A41B9 /* Result.framework in Frameworks */,
				1ED9A14C1B1F9B40000A41B9 /* Box.framework in Frameworks */,
				1ED9A14D1B1F9B40000A41B9 /* ReactiveCocoa.framework in Frameworks */,
			);
			runOnlyForDeploymentPostprocessing = 0;
		};
		DD09CBF31989A46C002DD2FB /* Frameworks */ = {
			isa = PBXFrameworksBuildPhase;
			buildActionMask = 2147483647;
			files = (
			);
			runOnlyForDeploymentPostprocessing = 0;
		};
/* End PBXFrameworksBuildPhase section */

/* Begin PBXGroup section */
		DD09CBD91989A46C002DD2FB = {
			isa = PBXGroup;
			children = (
				1ED9A1491B1F9B40000A41B9 /* Box.framework */,
				1ED9A14A1B1F9B40000A41B9 /* ReactiveCocoa.framework */,
				1ED9A14B1B1F9B40000A41B9 /* Result.framework */,
				DD09CBE41989A46C002DD2FB /* XCAssetGenerator */,
				DD09CBF91989A46C002DD2FB /* XCAssetGeneratorTests */,
				DD09CBE31989A46C002DD2FB /* Products */,
			);
			sourceTree = "<group>";
		};
		DD09CBE31989A46C002DD2FB /* Products */ = {
			isa = PBXGroup;
			children = (
				DD09CBE21989A46C002DD2FB /* XCAssetGenerator.app */,
				DD09CBF61989A46C002DD2FB /* XCAssetGeneratorTests.xctest */,
			);
			name = Products;
			sourceTree = "<group>";
		};
		DD09CBE41989A46C002DD2FB /* XCAssetGenerator */ = {
			isa = PBXGroup;
			children = (
				1ED9A0F31B1F97CE000A41B9 /* AppDelegate.swift */,
				1ED9A0F51B1F9810000A41B9 /* AssetCatalog.swift */,
				1ED9A0F61B1F9810000A41B9 /* AssetGenerationController.swift */,
				1ED9A1461B1F983B000A41B9 /* Main.storyboard */,
				1ED9A0F71B1F9810000A41B9 /* AssetGenerator.swift */,
				1ED9A0F81B1F9810000A41B9 /* AssetGeneratorInputValidator.swift */,
				1ED9A0F91B1F9810000A41B9 /* AssetGeneratorWindowController.swift */,
				1ED9A0FA1B1F9810000A41B9 /* AssetType.swift */,
				1ED9A0FB1B1F9810000A41B9 /* AssetWindowViewModel.swift */,
				1ED9A0FC1B1F9810000A41B9 /* BookmarkResolver.swift */,
				1ED9A0FE1B1F9810000A41B9 /* DropView.swift */,
				1ED9A0FF1B1F9810000A41B9 /* ErrorType.swift */,
				1ED9A1011B1F9810000A41B9 /* FileSystemHelper.swift */,
				1ED9A1041B1F9810000A41B9 /* FileSystemObserver.swift */,
				1ED9A1051B1F9810000A41B9 /* ImagesDropViewController.swift */,
				1ED9A1061B1F9810000A41B9 /* ImagesGroupViewModel.swift */,
				1ED9A1071B1F9810000A41B9 /* JSON.swift */,
				1ED9A1081B1F9810000A41B9 /* Keyword Constants.swift */,
				1ED9A1091B1F9810000A41B9 /* NSImage+Extensions.swift */,
				1ED9A10A1B1F9810000A41B9 /* NSLayoutConstraint+Extensions.swift */,
				1ED9A10B1B1F9810000A41B9 /* Optionals+Operators.swift */,
				1ED9A10C1B1F9810000A41B9 /* PathQuery.swift */,
				1ED9A10D1B1F9810000A41B9 /* ProgressController.swift */,
				1ED9A10E1B1F9810000A41B9 /* ProgressIndicationViewModel.swift */,
				1ED9A1101B1F9810000A41B9 /* ProjectDropViewController.swift */,
				1ED9A1111B1F9810000A41B9 /* ProjectSelector.swift */,
				1ED9A1141B1F9810000A41B9 /* RoundedDropView.swift */,
				1ED9A1151B1F9810000A41B9 /* SelectedProjectViewModel.swift */,
				1ED9A1161B1F9810000A41B9 /* Serializable.swift */,
				1ED9A1171B1F9810000A41B9 /* StatusViewModel.swift */,
				1ED9A1181B1F9810000A41B9 /* StringExtension.swift */,
				1ED9A11A1B1F9810000A41B9 /* Validator.swift */,
				1ED9A11B1B1F9810000A41B9 /* XcodeFileValidatorProtocol.swift */,
				1ED9A11C1B1F9810000A41B9 /* XCProject.swift */,
				DD09CBED1989A46C002DD2FB /* Images.xcassets */,
				DD09CBE51989A46C002DD2FB /* Supporting Files */,
			);
			path = XCAssetGenerator;
			sourceTree = "<group>";
		};
		DD09CBE51989A46C002DD2FB /* Supporting Files */ = {
			isa = PBXGroup;
			children = (
				DD09CBE61989A46C002DD2FB /* Info.plist */,
				1E17A3A01ACF637700785DB2 /* Localizable.strings */,
				DD09CBE71989A46C002DD2FB /* main.swift */,
			);
			name = "Supporting Files";
			sourceTree = "<group>";
		};
		DD09CBF91989A46C002DD2FB /* XCAssetGeneratorTests */ = {
			isa = PBXGroup;
			children = (
				DD09CBFC1989A46C002DD2FB /* XCAssetGeneratorTests.swift */,
				DD09CBFA1989A46C002DD2FB /* Supporting Files */,
			);
			path = XCAssetGeneratorTests;
			sourceTree = "<group>";
		};
		DD09CBFA1989A46C002DD2FB /* Supporting Files */ = {
			isa = PBXGroup;
			children = (
				DD09CBFB1989A46C002DD2FB /* Info.plist */,
			);
			name = "Supporting Files";
			sourceTree = "<group>";
		};
/* End PBXGroup section */

/* Begin PBXNativeTarget section */
		DD09CBE11989A46C002DD2FB /* XCAssetGenerator */ = {
			isa = PBXNativeTarget;
			buildConfigurationList = DD09CC001989A46C002DD2FB /* Build configuration list for PBXNativeTarget "XCAssetGenerator" */;
			buildPhases = (
				DD09CBDE1989A46C002DD2FB /* Sources */,
				DD09CBDF1989A46C002DD2FB /* Frameworks */,
				DD09CBE01989A46C002DD2FB /* Resources */,
				1EDAD8951AF0D669002E2394 /* Embed Frameworks */,
			);
			buildRules = (
			);
			dependencies = (
			);
			name = XCAssetGenerator;
			productName = XCAssetGenerator;
			productReference = DD09CBE21989A46C002DD2FB /* XCAssetGenerator.app */;
			productType = "com.apple.product-type.application";
		};
		DD09CBF51989A46C002DD2FB /* XCAssetGeneratorTests */ = {
			isa = PBXNativeTarget;
			buildConfigurationList = DD09CC031989A46C002DD2FB /* Build configuration list for PBXNativeTarget "XCAssetGeneratorTests" */;
			buildPhases = (
				DD09CBF21989A46C002DD2FB /* Sources */,
				DD09CBF31989A46C002DD2FB /* Frameworks */,
				DD09CBF41989A46C002DD2FB /* Resources */,
			);
			buildRules = (
			);
			dependencies = (
				DD09CBF81989A46C002DD2FB /* PBXTargetDependency */,
			);
			name = XCAssetGeneratorTests;
			productName = XCAssetGeneratorTests;
			productReference = DD09CBF61989A46C002DD2FB /* XCAssetGeneratorTests.xctest */;
			productType = "com.apple.product-type.bundle.unit-test";
		};
/* End PBXNativeTarget section */

/* Begin PBXProject section */
		DD09CBDA1989A46C002DD2FB /* Project object */ = {
			isa = PBXProject;
			attributes = {
				LastUpgradeCheck = 0600;
				ORGANIZATIONNAME = "Pranav Shah";
				TargetAttributes = {
					DD09CBE11989A46C002DD2FB = {
						CreatedOnToolsVersion = 6.0;
						SystemCapabilities = {
							com.apple.Sandbox = {
								enabled = 0;
							};
						};
					};
					DD09CBF51989A46C002DD2FB = {
						CreatedOnToolsVersion = 6.0;
						TestTargetID = DD09CBE11989A46C002DD2FB;
					};
				};
			};
			buildConfigurationList = DD09CBDD1989A46C002DD2FB /* Build configuration list for PBXProject "XCAssetGenerator" */;
			compatibilityVersion = "Xcode 3.2";
			developmentRegion = English;
			hasScannedForEncodings = 0;
			knownRegions = (
				en,
				Base,
			);
			mainGroup = DD09CBD91989A46C002DD2FB;
			productRefGroup = DD09CBE31989A46C002DD2FB /* Products */;
			projectDirPath = "";
			projectRoot = "";
			targets = (
				DD09CBE11989A46C002DD2FB /* XCAssetGenerator */,
				DD09CBF51989A46C002DD2FB /* XCAssetGeneratorTests */,
			);
		};
/* End PBXProject section */

/* Begin PBXResourcesBuildPhase section */
		DD09CBE01989A46C002DD2FB /* Resources */ = {
			isa = PBXResourcesBuildPhase;
			buildActionMask = 2147483647;
			files = (
				1ED9A1481B1F983B000A41B9 /* Main.storyboard in Resources */,
				DD09CBEE1989A46C002DD2FB /* Images.xcassets in Resources */,
				1E17A3A11ACF637700785DB2 /* Localizable.strings in Resources */,
			);
			runOnlyForDeploymentPostprocessing = 0;
		};
		DD09CBF41989A46C002DD2FB /* Resources */ = {
			isa = PBXResourcesBuildPhase;
			buildActionMask = 2147483647;
			files = (
			);
			runOnlyForDeploymentPostprocessing = 0;
		};
/* End PBXResourcesBuildPhase section */

/* Begin PBXSourcesBuildPhase section */
		DD09CBDE1989A46C002DD2FB /* Sources */ = {
			isa = PBXSourcesBuildPhase;
			buildActionMask = 2147483647;
			files = (
				1ED9A12F1B1F9810000A41B9 /* Keyword Constants.swift in Sources */,
				1ED9A1291B1F9810000A41B9 /* FileSystemHelper.swift in Sources */,
				1ED9A1351B1F9810000A41B9 /* ProgressIndicationViewModel.swift in Sources */,
				1ED9A13F1B1F9810000A41B9 /* StringExtension.swift in Sources */,
				1ED9A1421B1F9810000A41B9 /* XcodeFileValidatorProtocol.swift in Sources */,
				1ED9A1411B1F9810000A41B9 /* Validator.swift in Sources */,
				1ED9A13B1B1F9810000A41B9 /* RoundedDropView.swift in Sources */,
				1ED9A12D1B1F9810000A41B9 /* ImagesGroupViewModel.swift in Sources */,
				1ED9A1381B1F9810000A41B9 /* ProjectSelector.swift in Sources */,
				1ED9A1271B1F9810000A41B9 /* ErrorType.swift in Sources */,
				1ED9A1231B1F9810000A41B9 /* AssetWindowViewModel.swift in Sources */,
				1ED9A1311B1F9810000A41B9 /* NSLayoutConstraint+Extensions.swift in Sources */,
				1ED9A1241B1F9810000A41B9 /* BookmarkResolver.swift in Sources */,
				1ED9A12B1B1F9810000A41B9 /* FileSystemObserver.swift in Sources */,
				1ED9A1201B1F9810000A41B9 /* AssetGeneratorInputValidator.swift in Sources */,
				1ED9A11F1B1F9810000A41B9 /* AssetGenerator.swift in Sources */,
				1ED9A1261B1F9810000A41B9 /* DropView.swift in Sources */,
				1ED9A13E1B1F9810000A41B9 /* StatusViewModel.swift in Sources */,
				1ED9A1331B1F9810000A41B9 /* PathQuery.swift in Sources */,
				1ED9A1301B1F9810000A41B9 /* NSImage+Extensions.swift in Sources */,
				1ED9A12E1B1F9810000A41B9 /* JSON.swift in Sources */,
				1ED9A0F41B1F97CE000A41B9 /* AppDelegate.swift in Sources */,
				1ED9A13D1B1F9810000A41B9 /* Serializable.swift in Sources */,
				DD09CBE81989A46C002DD2FB /* main.swift in Sources */,
				1ED9A1341B1F9810000A41B9 /* ProgressController.swift in Sources */,
				1ED9A1221B1F9810000A41B9 /* AssetType.swift in Sources */,
				1ED9A11E1B1F9810000A41B9 /* AssetGenerationController.swift in Sources */,
				1ED9A12C1B1F9810000A41B9 /* ImagesDropViewController.swift in Sources */,
				1ED9A1211B1F9810000A41B9 /* AssetGeneratorWindowController.swift in Sources */,
				1ED9A11D1B1F9810000A41B9 /* AssetCatalog.swift in Sources */,
				1ED9A1371B1F9810000A41B9 /* ProjectDropViewController.swift in Sources */,
				1ED9A13C1B1F9810000A41B9 /* SelectedProjectViewModel.swift in Sources */,
				1ED9A1321B1F9810000A41B9 /* Optionals+Operators.swift in Sources */,
				1ED9A1431B1F9810000A41B9 /* XCProject.swift in Sources */,
			);
			runOnlyForDeploymentPostprocessing = 0;
		};
		DD09CBF21989A46C002DD2FB /* Sources */ = {
			isa = PBXSourcesBuildPhase;
			buildActionMask = 2147483647;
			files = (
				DD09CBFD1989A46C002DD2FB /* XCAssetGeneratorTests.swift in Sources */,
			);
			runOnlyForDeploymentPostprocessing = 0;
		};
/* End PBXSourcesBuildPhase section */

/* Begin PBXTargetDependency section */
		DD09CBF81989A46C002DD2FB /* PBXTargetDependency */ = {
			isa = PBXTargetDependency;
			target = DD09CBE11989A46C002DD2FB /* XCAssetGenerator */;
			targetProxy = DD09CBF71989A46C002DD2FB /* PBXContainerItemProxy */;
		};
/* End PBXTargetDependency section */

/* Begin PBXVariantGroup section */
		1ED9A1461B1F983B000A41B9 /* Main.storyboard */ = {
			isa = PBXVariantGroup;
			children = (
				1ED9A1471B1F983B000A41B9 /* Base */,
			);
			name = Main.storyboard;
			sourceTree = "<group>";
		};
/* End PBXVariantGroup section */

/* Begin XCBuildConfiguration section */
		DD09CBFE1989A46C002DD2FB /* Debug */ = {
			isa = XCBuildConfiguration;
			buildSettings = {
				ALWAYS_SEARCH_USER_PATHS = NO;
				CLANG_CXX_LANGUAGE_STANDARD = "gnu++0x";
				CLANG_CXX_LIBRARY = "libc++";
				CLANG_ENABLE_MODULES = YES;
				CLANG_ENABLE_OBJC_ARC = YES;
				CLANG_WARN_BOOL_CONVERSION = YES;
				CLANG_WARN_CONSTANT_CONVERSION = YES;
				CLANG_WARN_DIRECT_OBJC_ISA_USAGE = YES_ERROR;
				CLANG_WARN_EMPTY_BODY = YES;
				CLANG_WARN_ENUM_CONVERSION = YES;
				CLANG_WARN_INT_CONVERSION = YES;
				CLANG_WARN_OBJC_ROOT_CLASS = YES_ERROR;
				CLANG_WARN_UNREACHABLE_CODE = YES;
				CLANG_WARN__DUPLICATE_METHOD_MATCH = YES;
				CODE_SIGN_IDENTITY = "-";
				COPY_PHASE_STRIP = NO;
				ENABLE_STRICT_OBJC_MSGSEND = YES;
				GCC_C_LANGUAGE_STANDARD = gnu99;
				GCC_DYNAMIC_NO_PIC = NO;
				GCC_OPTIMIZATION_LEVEL = 0;
				GCC_PREPROCESSOR_DEFINITIONS = (
					"DEBUG=1",
					"$(inherited)",
				);
				GCC_SYMBOLS_PRIVATE_EXTERN = NO;
				GCC_WARN_64_TO_32_BIT_CONVERSION = YES;
				GCC_WARN_ABOUT_RETURN_TYPE = YES_ERROR;
				GCC_WARN_UNDECLARED_SELECTOR = YES;
				GCC_WARN_UNINITIALIZED_AUTOS = YES_AGGRESSIVE;
				GCC_WARN_UNUSED_FUNCTION = YES;
				GCC_WARN_UNUSED_VARIABLE = YES;
				MACOSX_DEPLOYMENT_TARGET = 10.10;
				MTL_ENABLE_DEBUG_INFO = YES;
				ONLY_ACTIVE_ARCH = YES;
				SDKROOT = macosx;
				SWIFT_OPTIMIZATION_LEVEL = "-Onone";
			};
			name = Debug;
		};
		DD09CBFF1989A46C002DD2FB /* Release */ = {
			isa = XCBuildConfiguration;
			buildSettings = {
				ALWAYS_SEARCH_USER_PATHS = NO;
				CLANG_CXX_LANGUAGE_STANDARD = "gnu++0x";
				CLANG_CXX_LIBRARY = "libc++";
				CLANG_ENABLE_MODULES = YES;
				CLANG_ENABLE_OBJC_ARC = YES;
				CLANG_WARN_BOOL_CONVERSION = YES;
				CLANG_WARN_CONSTANT_CONVERSION = YES;
				CLANG_WARN_DIRECT_OBJC_ISA_USAGE = YES_ERROR;
				CLANG_WARN_EMPTY_BODY = YES;
				CLANG_WARN_ENUM_CONVERSION = YES;
				CLANG_WARN_INT_CONVERSION = YES;
				CLANG_WARN_OBJC_ROOT_CLASS = YES_ERROR;
				CLANG_WARN_UNREACHABLE_CODE = YES;
				CLANG_WARN__DUPLICATE_METHOD_MATCH = YES;
				CODE_SIGN_IDENTITY = "-";
				COPY_PHASE_STRIP = YES;
				DEBUG_INFORMATION_FORMAT = "dwarf-with-dsym";
				ENABLE_NS_ASSERTIONS = NO;
				ENABLE_STRICT_OBJC_MSGSEND = YES;
				GCC_C_LANGUAGE_STANDARD = gnu99;
				GCC_WARN_64_TO_32_BIT_CONVERSION = YES;
				GCC_WARN_ABOUT_RETURN_TYPE = YES_ERROR;
				GCC_WARN_UNDECLARED_SELECTOR = YES;
				GCC_WARN_UNINITIALIZED_AUTOS = YES_AGGRESSIVE;
				GCC_WARN_UNUSED_FUNCTION = YES;
				GCC_WARN_UNUSED_VARIABLE = YES;
				MACOSX_DEPLOYMENT_TARGET = 10.10;
				MTL_ENABLE_DEBUG_INFO = NO;
				SDKROOT = macosx;
			};
			name = Release;
		};
		DD09CC011989A46C002DD2FB /* Debug */ = {
			isa = XCBuildConfiguration;
			buildSettings = {
				ASSETCATALOG_COMPILER_APPICON_NAME = AppIcon;
				CLANG_ENABLE_MODULES = YES;
				CODE_SIGN_ENTITLEMENTS = "";
				COMBINE_HIDPI_IMAGES = YES;
				FRAMEWORK_SEARCH_PATHS = (
					"$(inherited)",
					"$(PROJECT_DIR)/Carthage/Build/Mac",
				);
				INFOPLIST_FILE = XCAssetGenerator/Info.plist;
				LD_RUNPATH_SEARCH_PATHS = "$(inherited) @executable_path/../Frameworks";
				MACOSX_DEPLOYMENT_TARGET = 10.10;
				PRODUCT_NAME = "$(TARGET_NAME)";
				SDKROOT = macosx;
				SWIFT_INSTALL_OBJC_HEADER = NO;
				SWIFT_OBJC_BRIDGING_HEADER = "";
				SWIFT_OPTIMIZATION_LEVEL = "-Onone";
			};
			name = Debug;
		};
		DD09CC021989A46C002DD2FB /* Release */ = {
			isa = XCBuildConfiguration;
			buildSettings = {
				ASSETCATALOG_COMPILER_APPICON_NAME = AppIcon;
				CLANG_ENABLE_MODULES = YES;
				CODE_SIGN_ENTITLEMENTS = "";
				COMBINE_HIDPI_IMAGES = YES;
				FRAMEWORK_SEARCH_PATHS = (
					"$(inherited)",
					"$(PROJECT_DIR)/Carthage/Build/Mac",
				);
				INFOPLIST_FILE = XCAssetGenerator/Info.plist;
				LD_RUNPATH_SEARCH_PATHS = "$(inherited) @executable_path/../Frameworks";
				MACOSX_DEPLOYMENT_TARGET = 10.10;
				ONLY_ACTIVE_ARCH = YES;
				PRODUCT_NAME = "$(TARGET_NAME)";
				SDKROOT = macosx;
				SWIFT_INSTALL_OBJC_HEADER = NO;
				SWIFT_OBJC_BRIDGING_HEADER = "";
			};
			name = Release;
		};
		DD09CC041989A46C002DD2FB /* Debug */ = {
			isa = XCBuildConfiguration;
			buildSettings = {
				BUNDLE_LOADER = "$(BUILT_PRODUCTS_DIR)/XCAssetGenerator.app/Contents/MacOS/XCAssetGenerator";
				COMBINE_HIDPI_IMAGES = YES;
				FRAMEWORK_SEARCH_PATHS = (
					"$(DEVELOPER_FRAMEWORKS_DIR)",
					"$(inherited)",
				);
				GCC_PREPROCESSOR_DEFINITIONS = (
					"DEBUG=1",
					"$(inherited)",
				);
				INFOPLIST_FILE = XCAssetGeneratorTests/Info.plist;
				LD_RUNPATH_SEARCH_PATHS = "$(inherited) @executable_path/../Frameworks @loader_path/../Frameworks";
				PRODUCT_NAME = "$(TARGET_NAME)";
				TEST_HOST = "$(BUNDLE_LOADER)";
			};
			name = Debug;
		};
		DD09CC051989A46C002DD2FB /* Release */ = {
			isa = XCBuildConfiguration;
			buildSettings = {
				BUNDLE_LOADER = "$(BUILT_PRODUCTS_DIR)/XCAssetGenerator.app/Contents/MacOS/XCAssetGenerator";
				COMBINE_HIDPI_IMAGES = YES;
				FRAMEWORK_SEARCH_PATHS = (
					"$(DEVELOPER_FRAMEWORKS_DIR)",
					"$(inherited)",
				);
				INFOPLIST_FILE = XCAssetGeneratorTests/Info.plist;
				LD_RUNPATH_SEARCH_PATHS = "$(inherited) @executable_path/../Frameworks @loader_path/../Frameworks";
				PRODUCT_NAME = "$(TARGET_NAME)";
				TEST_HOST = "$(BUNDLE_LOADER)";
			};
			name = Release;
		};
/* End XCBuildConfiguration section */

/* Begin XCConfigurationList section */
		DD09CBDD1989A46C002DD2FB /* Build configuration list for PBXProject "XCAssetGenerator" */ = {
			isa = XCConfigurationList;
			buildConfigurations = (
				DD09CBFE1989A46C002DD2FB /* Debug */,
				DD09CBFF1989A46C002DD2FB /* Release */,
			);
			defaultConfigurationIsVisible = 0;
			defaultConfigurationName = Release;
		};
		DD09CC001989A46C002DD2FB /* Build configuration list for PBXNativeTarget "XCAssetGenerator" */ = {
			isa = XCConfigurationList;
			buildConfigurations = (
				DD09CC011989A46C002DD2FB /* Debug */,
				DD09CC021989A46C002DD2FB /* Release */,
			);
			defaultConfigurationIsVisible = 0;
			defaultConfigurationName = Release;
		};
		DD09CC031989A46C002DD2FB /* Build configuration list for PBXNativeTarget "XCAssetGeneratorTests" */ = {
			isa = XCConfigurationList;
			buildConfigurations = (
				DD09CC041989A46C002DD2FB /* Debug */,
				DD09CC051989A46C002DD2FB /* Release */,
			);
			defaultConfigurationIsVisible = 0;
			defaultConfigurationName = Release;
		};
/* End XCConfigurationList section */
	};
	rootObject = DD09CBDA1989A46C002DD2FB /* Project object */;
}
